
Microsoft Visual Studio Solution File, Format Version 12.00
# Visual Studio Version 17
VisualStudioVersion = 17.0.31903.59
MinimumVisualStudioVersion = 10.0.40219.1
Project("{FAE04EC0-301F-11D3-BF4B-00C04F79EFBC}") = "ValpasTimer.Domain", "ValpasTimer.Domain\ValpasTimer.Domain.csproj", "{9727D8EE-01FE-4326-AED0-5C46850B8745}"
EndProject
Project("{FAE04EC0-301F-11D3-BF4B-00C04F79EFBC}") = "ValpasTimer.Application", "ValpasTimer.Application\ValpasTimer.Application.csproj", "{ED1B729F-8C1D-4C62-8959-8F77370991AE}"
EndProject
Global
	GlobalSection(SolutionConfigurationPlatforms) = preSolution
		Debug|Any CPU = Debug|Any CPU
		Release|Any CPU = Release|Any CPU
	EndGlobalSection
	GlobalSection(SolutionProperties) = preSolution
		HideSolutionNode = FALSE
	EndGlobalSection
	GlobalSection(ProjectConfigurationPlatforms) = postSolution
		{9727D8EE-01FE-4326-AED0-5C46850B8745}.Debug|Any CPU.ActiveCfg = Debug|Any CPU
		{9727D8EE-01FE-4326-AED0-5C46850B8745}.Debug|Any CPU.Build.0 = Debug|Any CPU
		{9727D8EE-01FE-4326-AED0-5C46850B8745}.Release|Any CPU.ActiveCfg = Release|Any CPU
		{9727D8EE-01FE-4326-AED0-5C46850B8745}.Release|Any CPU.Build.0 = Release|Any CPU
		{ED1B729F-8C1D-4C62-8959-8F77370991AE}.Debug|Any CPU.ActiveCfg = Debug|Any CPU
		{ED1B729F-8C1D-4C62-8959-8F77370991AE}.Debug|Any CPU.Build.0 = Debug|Any CPU
		{ED1B729F-8C1D-4C62-8959-8F77370991AE}.Release|Any CPU.ActiveCfg = Release|Any CPU
		{ED1B729F-8C1D-4C62-8959-8F77370991AE}.Release|Any CPU.Build.0 = Release|Any CPU
	EndGlobalSection
EndGlobal
